
Microsoft Visual Studio Solution File, Format Version 12.00
# Visual Studio Version 16
VisualStudioVersion = 16.0.30717.126
MinimumVisualStudioVersion = 10.0.40219.1
Project("{FAE04EC0-301F-11D3-BF4B-00C04F79EFBC}") = "MarsRover.ConsoleApp", "MarsRover.ConsoleApp\MarsRover.ConsoleApp.csproj", "{521F61C2-2B82-4871-9192-8DC02615391B}"
EndProject
Global
	GlobalSection(SolutionConfigurationPlatforms) = preSolution
		Debug|Any CPU = Debug|Any CPU
		Release|Any CPU = Release|Any CPU
	EndGlobalSection
	GlobalSection(ProjectConfigurationPlatforms) = postSolution
		{521F61C2-2B82-4871-9192-8DC02615391B}.Debug|Any CPU.ActiveCfg = Debug|Any CPU
		{521F61C2-2B82-4871-9192-8DC02615391B}.Debug|Any CPU.Build.0 = Debug|Any CPU
		{521F61C2-2B82-4871-9192-8DC02615391B}.Release|Any CPU.ActiveCfg = Release|Any CPU
		{521F61C2-2B82-4871-9192-8DC02615391B}.Release|Any CPU.Build.0 = Release|Any CPU
	EndGlobalSection
	GlobalSection(SolutionProperties) = preSolution
		HideSolutionNode = FALSE
	EndGlobalSection
	GlobalSection(ExtensibilityGlobals) = postSolution
		SolutionGuid = {3CEE0690-1DE8-4673-B6CA-996651ED31C5}
	EndGlobalSection
EndGlobal
